
Microsoft Visual Studio Solution File, Format Version 12.00
# Visual Studio 15
VisualStudioVersion = 15.0.28307.1300
MinimumVisualStudioVersion = 10.0.40219.1
Project("{FAE04EC0-301F-11D3-BF4B-00C04F79EFBC}") = "RWEDO", "RWEDO\RWEDO.csproj", "{2D4025F3-FDFD-41A4-9FDC-930D9D1BD3B3}"
EndProject
Project("{FAE04EC0-301F-11D3-BF4B-00C04F79EFBC}") = "RWEDO.DataTransferObject", "RWEDO.DataTransferObject\RWEDO.DataTransferObject.csproj", "{1D7BB03F-395A-4512-85BB-89557F32C7CB}"
EndProject
Project("{FAE04EC0-301F-11D3-BF4B-00C04F79EFBC}") = "RWEDO.MSQLRepository", "RWEDO.MSQLRepository\RWEDO.MSQLRepository.csproj", "{D33DBF99-0B63-4F5D-A65C-20FEE1A49326}"
	ProjectSection(ProjectDependencies) = postProject
		{1D7BB03F-395A-4512-85BB-89557F32C7CB} = {1D7BB03F-395A-4512-85BB-89557F32C7CB}
	EndProjectSection
EndProject
Global
	GlobalSection(SolutionConfigurationPlatforms) = preSolution
		Debug|Any CPU = Debug|Any CPU
		Release|Any CPU = Release|Any CPU
	EndGlobalSection
	GlobalSection(ProjectConfigurationPlatforms) = postSolution
		{2D4025F3-FDFD-41A4-9FDC-930D9D1BD3B3}.Debug|Any CPU.ActiveCfg = Debug|Any CPU
		{2D4025F3-FDFD-41A4-9FDC-930D9D1BD3B3}.Debug|Any CPU.Build.0 = Debug|Any CPU
		{2D4025F3-FDFD-41A4-9FDC-930D9D1BD3B3}.Release|Any CPU.ActiveCfg = Release|Any CPU
		{2D4025F3-FDFD-41A4-9FDC-930D9D1BD3B3}.Release|Any CPU.Build.0 = Release|Any CPU
		{1D7BB03F-395A-4512-85BB-89557F32C7CB}.Debug|Any CPU.ActiveCfg = Debug|Any CPU
		{1D7BB03F-395A-4512-85BB-89557F32C7CB}.Debug|Any CPU.Build.0 = Debug|Any CPU
		{1D7BB03F-395A-4512-85BB-89557F32C7CB}.Release|Any CPU.ActiveCfg = Release|Any CPU
		{1D7BB03F-395A-4512-85BB-89557F32C7CB}.Release|Any CPU.Build.0 = Release|Any CPU
		{D33DBF99-0B63-4F5D-A65C-20FEE1A49326}.Debug|Any CPU.ActiveCfg = Debug|Any CPU
		{D33DBF99-0B63-4F5D-A65C-20FEE1A49326}.Debug|Any CPU.Build.0 = Debug|Any CPU
		{D33DBF99-0B63-4F5D-A65C-20FEE1A49326}.Release|Any CPU.ActiveCfg = Release|Any CPU
		{D33DBF99-0B63-4F5D-A65C-20FEE1A49326}.Release|Any CPU.Build.0 = Release|Any CPU
	EndGlobalSection
	GlobalSection(SolutionProperties) = preSolution
		HideSolutionNode = FALSE
	EndGlobalSection
	GlobalSection(ExtensibilityGlobals) = postSolution
		SolutionGuid = {88D3F321-A4ED-4196-B971-01A1CACCC3EA}
	EndGlobalSection
EndGlobal
